
Microsoft Visual Studio Solution File, Format Version 12.00
# Visual Studio Version 17
VisualStudioVersion = 17.11.35327.3
MinimumVisualStudioVersion = 10.0.40219.1
Project("{FAE04EC0-301F-11D3-BF4B-00C04F79EFBC}") = "DACK", "DACK\DACK.csproj", "{2AAD1B51-A486-4470-9528-48B36A90C355}"
EndProject
Global
	GlobalSection(SolutionConfigurationPlatforms) = preSolution
		Debug|Any CPU = Debug|Any CPU
		Release|Any CPU = Release|Any CPU
	EndGlobalSection
	GlobalSection(ProjectConfigurationPlatforms) = postSolution
		{2AAD1B51-A486-4470-9528-48B36A90C355}.Debug|Any CPU.ActiveCfg = Debug|Any CPU
		{2AAD1B51-A486-4470-9528-48B36A90C355}.Debug|Any CPU.Build.0 = Debug|Any CPU
		{2AAD1B51-A486-4470-9528-48B36A90C355}.Release|Any CPU.ActiveCfg = Release|Any CPU
		{2AAD1B51-A486-4470-9528-48B36A90C355}.Release|Any CPU.Build.0 = Release|Any CPU
	EndGlobalSection
	GlobalSection(SolutionProperties) = preSolution
		HideSolutionNode = FALSE
	EndGlobalSection
	GlobalSection(ExtensibilityGlobals) = postSolution
		SolutionGuid = {26A756A1-2734-4707-8437-16FFEB828A24}
	EndGlobalSection
EndGlobal
